
Microsoft Visual Studio Solution File, Format Version 12.00
# Visual Studio Version 16
VisualStudioVersion = 16.0.31729.503
MinimumVisualStudioVersion = 10.0.40219.1
Project("{FAE04EC0-301F-11D3-BF4B-00C04F79EFBC}") = "Xadrez-console", "Xadrez-console\Xadrez-console.csproj", "{60A48C7C-B0B2-438D-852E-F2AEA0BBCAAF}"
EndProject
Global
	GlobalSection(SolutionConfigurationPlatforms) = preSolution
		Debug|Any CPU = Debug|Any CPU
		Release|Any CPU = Release|Any CPU
	EndGlobalSection
	GlobalSection(ProjectConfigurationPlatforms) = postSolution
		{60A48C7C-B0B2-438D-852E-F2AEA0BBCAAF}.Debug|Any CPU.ActiveCfg = Debug|Any CPU
		{60A48C7C-B0B2-438D-852E-F2AEA0BBCAAF}.Debug|Any CPU.Build.0 = Debug|Any CPU
		{60A48C7C-B0B2-438D-852E-F2AEA0BBCAAF}.Release|Any CPU.ActiveCfg = Release|Any CPU
		{60A48C7C-B0B2-438D-852E-F2AEA0BBCAAF}.Release|Any CPU.Build.0 = Release|Any CPU
	EndGlobalSection
	GlobalSection(SolutionProperties) = preSolution
		HideSolutionNode = FALSE
	EndGlobalSection
	GlobalSection(ExtensibilityGlobals) = postSolution
		SolutionGuid = {343196FE-2A2D-401A-ACB0-49BE3D3C2EFC}
	EndGlobalSection
EndGlobal
